{
  "name": "pokedex",
  "version": "0.0.0",
  "lockfileVersion": 3,
  "requires": true,
  "packages": {
    "": {
      "name": "pokedex",
      "version": "0.0.0",
      "dependencies": {
        "@supabase/supabase-js": "^2.44.4",
        "react": "^18.2.0",
        "react-dom": "^18.2.0"
      },
      "devDependencies": {
        "@types/react": "^18.2.66",
        "@types/react-dom": "^18.2.22",
        "@vitejs/plugin-react": "^4.2.1",
        "typescript": "^5.2.2",
        "vite": "^5.2.0"
      }
    },
    "node_modules/@babel/runtime": {
      "version": "7.24.8",
      "resolved": "https://registry.npmjs.org/@babel/runtime/-/runtime-7.24.8.tgz",
      "integrity": "sha512-Y3f71tY+Lw/zohBGw8pPFRk2q/9+Vdvtq1gT3aJp+K5ZpFP62B7Xh7s2wvP9/b2z5W34s5T5a3m83a5z4w9g==",
      "dependencies": {
        "regenerator-runtime": "^0.14.0"
      },
      "engines": {
        "node": ">=6.9.0"
      }
    },
    "node_modules/@es-joy/jsdoccomment": {
      "version": "1.3.1",
      "resolved": "https://registry.npmjs.org/@es-joy/jsdoccomment/-/jsdoccomment-1.3.1.tgz",
      "integrity": "sha512-3HUyLTKFnL6s2o+1oYfTqu5r5L325VT0Y2HAz251zVn2jTcFq5+6w5i5+kGkGgEhp/Kz5G2E/W5bThp3h2H/qQ==",
      "engines": {
        "node": ">=18.0.0"
      }
    },
    "node_modules/@goauthentik/aw-fetch": {
      "version": "1.0.1",
      "resolved": "https://registry.npmjs.org/@goauthentik/aw-fetch/-/aw-fetch-1.0.1.tgz",
      "integrity": "sha512-82L4a8z3aWpA5d7RPkR2aYvKSPg8k/qHYeUaFAm52/Q55D1tq7a/2yD/1wUaYf/s022WTTa2U5d4pS1N+n/3/w=="
    },
    "node_modules/@rollup/rollup-win32-x64-msvc": {
      "version": "4.19.1",
      "resolved": "https://registry.npmjs.org/@rollup/rollup-win32-x64-msvc/-/rollup-win32-x64-msvc-4.19.1.tgz",
      "integrity": "sha512-O5v4kC1F2B4Kq37oQ06V+uUwozRjFwVbA932wJ/P1rYvI5J11k23rA2+oU29V1I2/tY4X2sXpA724p0nCQ==",
      "cpu": [
        "x64"
      ],
      "dev": true,
      "optional": true,
      "os": [
        "win32"
      ],
      "engines": {
        "node": ">=18.0.0"
      }
    },
    "node_modules/@supabase/supabase-js": {
      "version": "2.44.4",
      "resolved": "https://registry.npmjs.org/@supabase/supabase-js/-/supabase-js-2.44.4.tgz",
      "integrity": "sha512-T9wW0s0u19e/J44Qy2hC24/sU1iJg9rL7fWz2s/sAhlT4qR/VsoB0V+zN2j3z45O+fH+4b/W51i2tVf2Q==",
      "dependencies": {
        "@goauthentik/aw-fetch": "^1.0.0",
        "@supabase/functions-js": "2.5.0",
        "@supabase/gotrue-js": "2.64.0",
        "@supabase/postgrest-js": "1.16.0",
        "@supabase/realtime-js": "2.11.0",
        "@supabase/storage-js": "2.7.0"
      }
    },
    "node_modules/@types/node": {
      "version": "20.14.12",
      "resolved": "https://registry.npmjs.org/@types/node/-/node-20.14.12.tgz",
      "integrity": "sha512-q/dPxLwDDVx1g8ewtUsQ622d1UooiKe21r2mMj2p2A523Pz3lP3G1g7D+PnzT3+f3Dhyf3e0F6zZJ+aRrhS0gA==",
      "dev": true,
      "dependencies": {
        "undici-types": "~5.26.4"
      }
    },
    "node_modules/@types/prop-types": {
      "version": "15.7.12",
      "resolved": "https://registry.npmjs.org/@types/prop-types/-/prop-types-15.7.12.tgz",
      "integrity": "sha512-5zvhXYS3icfNlvmqgTzwcrEbW14lG8C9r43QcRnmA+WnJg3Bq9Cv/k1K5c7oIZs3qu3eI9TTh9XQ6h5qT8Bw/A==",
      "dev": true
    },
    "node_modules/@types/react": {
      "version": "18.3.3",
      "resolved": "https://registry.npmjs.org/@types/react/-/react-18.3.3.tgz",
      "integrity": "sha512-hti/R0pS0q1/xx+TsI73AbQRVZU3h1I68RB9iLLL/L2r1AmVbT/vA3hQs2dQ3BB8R1c7S+wV2Hw3d63VeqwBVw==",
      "dev": true,
      "dependencies": {
        "@types/prop-types": "*",
        "csstype": "^3.0.2"
      }
    },
    "node_modules/@types/react-dom": {
      "version": "18.3.0",
      "resolved": "https://registry.npmjs.org/@types/react-dom/-/react-dom-18.3.0.tgz",
      "integrity": "sha512-d/4V8D64wceD/G+S7v2vPvhsl33e4P/sJP4i/k4a24v+I3G2bL3g1X6D3flnHb0/LzU43kCEmXmu5IZf1u3W+A==",
      "dev": true,
      "dependencies": {
        "@types/react": "*"
      }
    },
    "node_modules/@vitejs/plugin-react": {
      "version": "4.3.1",
      "resolved": "https://registry.npmjs.org/@vitejs/plugin-react/-/plugin-react-4.3.1.tgz",
      "integrity": "sha512-Y1eO3r40pWJd2u4I/3Vfl9a+3Bf5I2sOqKqw1y5yL36X+1vB/vnQ6b9P1O4A2s9MJK05JAD14x50b+lB+w==",
      "dev": true,
      "dependencies": {
        "@babel/runtime": "^7.24.0",
        "get-tsconfig": "^4.7.5"
      },
      "peerDependencies": {
        "vite": "^4.4.0 || ^5.0.0"
      },
      "peerDependenciesMeta": {
        "vite": {
          "optional": true
        }
      }
    },
    "node_modules/csstype": {
      "version": "3.1.3",
      "resolved": "https://registry.npmjs.org/csstype/-/csstype-3.1.3.tgz",
      "integrity": "sha512-M1uQkMl8rQK/szD0LNhtqxIPLzpkHMy84ylHklIUNf4d75sFFCg5WclDAb3oKEwCc+O2tv2eBVT2zU12d26/BQ==",
      "dev": true
    },
    "node_modules/esbuild": {
      "version": "0.20.2",
      "resolved": "https://registry.npmjs.org/esbuild/-/esbuild-0.20.2.tgz",
      "integrity": "sha512-lP4NVo/23QdEtu8H3aExvjOFo34B5PjA2XrnDB2vjS5hLqTe4Fz/rGBVdC4/2J4gqWk3K5hH/Y8rBwkWcl25A==",
      "cpu": [
        "x64"
      ],
      "dev": true,
      "hasInstallScript": true,
      "os": [
        "darwin",
        "linux"
      ],
      "optional": true,
      "engines": {
        "node": ">=12"
      }
    },
    "node_modules/fsevents": {
      "version": "2.3.3",
      "resolved": "https://registry.npmjs.org/fsevents/-/fsevents-2.3.3.tgz",
      "integrity": "sha512-5xoDfX+fL7faATnagmWPpbFtwh/R77WmMMqqHGS65C3vvB0YHgdhpL/ep5S0ntcDCIq9hNQkEO7L3SCo6FTy4g==",
      "cpu": [
        "x64",
        "arm64"
      ],
      "dev": true,
      "hasInstallScript": true,
      "optional": true,
      "os": [
        "darwin"
      ],
      "engines": {
        "node": "^8.16.0 || ^10.6.0 || >=11.0.0"
      }
    },
    "node_modules/get-tsconfig": {
      "version": "4.7.5",
      "resolved": "https://registry.npmjs.org/get-tsconfig/-/get-tsconfig-4.7.5.tgz",
      "integrity": "sha512-V1WkKv0gltmZtK2S2+5bO2fjf+r/YOK6n751U1p/sNSqzu6yE2b+qVp/J4/J47K4k+SjEU0g6bms3cMvLGAFw==",
      "dev": true,
      "engines": {
        "node": ">=18"
      }
    },
    "node_modules/js-tokens": {
      "version": "4.0.0",
      "resolved": "https://registry.npmjs.org/js-tokens/-/js-tokens-4.0.0.tgz",
      "integrity": "sha512-RdJUflcE3cUzKiMqQgsCu06FPu9UdIJO0beYbPhHN4k6apgJtifcoCtT9bcxOpYBtpD2kCM6Sbzg4CausW/PKQ=="
    },
    "node_modules/lightningcss": {
      "version": "1.25.1",
      "resolved": "https://registry.npmjs.org/lightningcss/-/lightningcss-1.25.1.tgz",
      "integrity": "sha512-Yd4/QeMLub5J3R2pdqY0p4MdvW7w/k3N3zd6P8D6nO/a3trJ32H2p0qgVvE33Yt7c6dC/fWXhT12/93K2Y2oA==",
      "cpu": [
        "x64",
        "arm64"
      ],
      "dev": true,
      "optional": true,
      "os": [
        "darwin",
        "linux",
        "win32"
      ]
    },
    "node_modules/lightningcss-win32-x64-msvc": {
      "version": "1.25.1",
      "resolved": "https://registry.npmjs.org/lightningcss-win32-x64-msvc/-/lightningcss-win32-x64-msvc-1.25.1.tgz",
      "integrity": "sha512-N4lT/1oT4k94TmmJk+d/i6fU4cO5XqXGqRzR1gQ2sMAjzp3JkZf/y+pgeQ/mZzYIryg5eN6tq83h6Uq4J3lYw==",
      "cpu": [
        "x64"
      ],
      "dev": true,
      "optional": true,
      "os": [
        "win32"
      ]
    },
    "node_modules/loose-envify": {
      "version": "1.4.0",
      "resolved": "https://registry.npmjs.org/loose-envify/-/loose-envify-1.4.0.tgz",
      "integrity": "sha512-lyuxPGr/Wfhrlem2CL/UcnUc1zcqKAImBDzukY7Y5F/yQiNdko6+fRLevlw1HgMySw7f611UIY408EtxRSoK3Q==",
      "hasInstallScript": true,
      "dependencies": {
        "js-tokens": "^3.0.0 || ^4.0.0"
      },
      "bin": {
        "loose-envify": "cli.js"
      }
    },
    "node_modules/nanoid": {
      "version": "3.3.7",
      "resolved": "https://registry.npmjs.org/nanoid/-/nanoid-3.3.7.tgz",
      "integrity": "sha512-eSPc4yO2+3atwbALT2O4L3iN3iZArwZg7/10i4hOStNgJSsQ2o5a2sZ3/S2V2N3Pjx19wHpmyhQ/2W7W2QEDAQ==",
      "funding": [
        {
          "type": "github",
          "url": "https://github.com/sponsors/ai"
        }
      ],
      "bin": {
        "nanoid": "bin/nanoid.js"
      },
      "engines": {
        "node": "^10 || ^12 || ^13.7 || ^14 || >=15.0.1"
      }
    },
    "node_modules/picocolors": {
      "version": "1.0.1",
      "resolved": "https://registry.npmjs.org/picocolors/-/picocolors-1.0.1.tgz",
      "integrity": "sha512-anP1fUMYWc9HB3HiVTUNf+5m4TQ+Y4L+37N7Ssw+Qx0Z+L8sfrL/dgRg6wh0SvrT1pT2RbIuA70yB9UalI3a7A==",
      "dev": true
    },
    "node_modules/postcss": {
      "version": "8.4.39",
      "resolved": "https://registry.npmjs.org/postcss/-/postcss-8.4.39.tgz",
      "integrity": "sha512-yJgPZNWtkQGg98x5g1/3n2s1eJpgi1T+2w3/TCVzLgTcqzT2i69yR8qK7Y6O3v7sVb/85VJKnF5xLzYh50vBw==",
      "dev": true,
      "funding": [
        {
          "type": "opencollective",
          "url": "https://opencollective.com/postcss/"
        },
        {
          "type": "tidelift",
          "url": "https://tidelift.com/funding/github/npm/postcss"
        },
        {
          "type": "github",
          "url": "https://github.com/sponsors/ai"
        }
      ],
      "dependencies": {
        "nanoid": "^3.3.7",
        "picocolors": "^1.0.0",
        "source-map-js": "^1.2.0"
      },
      "engines": {
        "node": "^10 || ^12 || >=14"
      }
    },
    "node_modules/react": {
      "version": "18.3.1",
      "resolved": "https://registry.npmjs.org/react/-/react-18.3.1.tgz",
      "integrity": "sha512-wS+hAgJShR0KhEv7/dbro22I5O+3/d9o/ZN0b5C5fP+I19YKj/YTFSHo3b52/uI3v54D8Gsv2i13L8yvInFjXQ==",
      "dependencies": {
        "loose-envify": "^1.1.0"
      },
      "engines": {
        "node": ">=0.10.0"
      }
    },
    "node_modules/react-dom": {
      "version": "18.3.1",
      "resolved": "https://registry.npmjs.org/react-dom/-/react-dom-18.3.1.tgz",
      "integrity": "sha512-5m4nQKp+rZRb09LNHfgOf1D1P3/A1S/G5wOFSlj22jcRRr33mD16d0beK/j7muP3/P3wS0D4v9iK1/nL6W3d6A==",
      "dependencies": {
        "loose-envify": "^1.1.0",
        "scheduler": "^0.23.2"
      },
      "peerDependencies": {
        "react": "^18.3.1"
      }
    },
    "node_modules/regenerator-runtime": {
      "version": "0.14.1",
      "resolved": "https://registry.npmjs.org/regenerator-runtime/-/regenerator-runtime-0.14.1.tgz",
      "integrity": "sha512-dYnhHh0nJoMfnkZs6GmmhFknAGRrLznOu5nc9ML+EJxGvrx6H7teuevqVqCuPcPK//3eDrrjQhehXVx9cnkGdw=="
    },
    "node_modules/resolve": {
      "version": "2.0.0-next.5",
      "resolved": "https://registry.npmjs.org/resolve/-/resolve-2.0.0-next.5.tgz",
      "integrity": "sha512-Y1w2mzlce4fD8g5/IeOh2sI5ltGmsz8aYBgTv89hVZRN1cEtJz4OQXyb5pIsK0LgKro1/eT1x22bWk4o+vT9gQ==",
      "dev": true,
      "dependencies": {
        "is-core-module": "^2.13.1",
        "path-parse": "^1.0.7",
        "supports-preserve-symlinks-flag": "^1.0.0"
      },
      "bin": {
        "resolve": "bin/resolve"
      },
      "funding": {
        "url": "https://github.com/sponsors/ljharb"
      }
    },
    "node_modules/rollup": {
      "version": "4.19.1",
      "resolved": "https://registry.npmjs.org/rollup/-/rollup-4.19.1.tgz",
      "integrity": "sha512-l9tN1XkEBYlQfA1F7S3Q+1I4z25iE8I4p33rY2nFp9+9j4fQ1v2K93b4/r166h7pE3rVz5bJ1i0/k/7pww==",
      "cpu": [
        "x64"
      ],
      "dev": true,
      "hasInstallScript": true,
      "os": [
        "darwin",
        "linux",
        "win32"
      ],
      "dependencies": {
        "@es-joy/jsdoccomment": "^1.3.1"
      },
      "bin": {
        "rollup": "dist/bin/rollup"
      },
      "engines": {
        "node": ">=18.0.0",
        "npm": ">=8.0.0"
      },
      "optionalDependencies": {
        "@rollup/rollup-win32-x64-msvc": "4.19.1"
      }
    },
    "node_modules/scheduler": {
      "version": "0.23.2",
      "resolved": "https://registry.npmjs.org/scheduler/-/scheduler-0.23.2.tgz",
      "integrity": "sha512-EnaFSPk9G23MAbzaqgaRo4w2G3NJdE529d2da91/3h2m2SAru+2tuSPUePch/G1z0LBYmDFHarL4tM8t0i61CA==",
      "dependencies": {
        "loose-envify": "^1.1.0"
      }
    },
    "node_modules/source-map-js": {
      "version": "1.2.0",
      "resolved": "https://registry.npmjs.org/source-map-js/-/source-map-js-1.2.0.tgz",
      "integrity": "sha512-itJW8lvSA0imC4d+3k32Lz2VpQ2Naq4weifBmo5ilL2oM6P4kPnH2t2e32a6nBvDb/zQh6kHcqmVLG9t1pb8sg==",
      "dev": true,
      "engines": {
        "node": ">=0.10.0"
      }
    },
    "node_modules/typescript": {
      "version": "5.5.4",
      "resolved": "https://registry.npmjs.org/typescript/-/typescript-5.5.4.tgz",
      "integrity": "sha512-MtqB03C3Td4I2aQGbletQ5Thk7XBciT3YSg83n2e2w8gB/9zW1p58+s3O0x39r9uL2W2S8RjN20e7vD43So1g==",
      "dev": true,
      "bin": {
        "tsc": "bin/tsc",
        "tsserver": "bin/tsserver"
      },
      "engines": {
        "node": ">=14.17"
      }
    },
    "node_modules/undici-types": {
      "version": "5.26.5",
      "resolved": "https://registry.npmjs.org/undici-types/-/undici-types-5.26.5.tgz",
      "integrity": "sha512-JlCMO+ehdEIKqlFxk6IfVoAUVmgz7cU7zD/h9XZ0qzeosSHmUJVOzSQvvYSYWXkFXC+IfLKSIffhv0sVZup6pA==",
      "dev": true
    },
    "node_modules/vite": {
      "version": "5.3.5",
      "resolved": "https://registry.npmjs.org/vite/-/vite-5.3.5.tgz",
      "integrity": "sha512-D0GzM94lP/18bXbz/T60sDoO52WqU98oQ5yHqwX1O9x4eU3O7j3eJ96An9KiuG2FhWnsXvL3V253TcyrEtP8g==",
      "dev": true,
      "dependencies": {
        "esbuild": "^0.20.0",
        "lightningcss": "^1.25.1",
        "postcss": "^8.4.39",
        "resolve": "^2.0.0-next.5",
        "rollup": "^4.18.0"
      },
      "bin": {
        "vite": "bin/vite.js"
      },
      "engines": {
        "node": ">=18.0.0"
      },
      "funding": {
        "url": "https://github.com/sponsors/yyx990803"
      },
      "optionalDependencies": {
        "fsevents": "~2.3.3",
        "lightningcss-win32-x64-msvc": "1.25.1"
      },
      "peerDependencies": {
        "@types/node": ">=18.0.0",
        "less": "*",
        "sass": "*",
        "stylus": "*",
        "sugarss": "*",
        "terser": "^5.25.0"
      },
      "peerDependenciesMeta": {
        "@types/node": {
          "optional": true
        },
        "less": {
          "optional": true
        },
        "sass": {
          "optional": true
        },
        "stylus": {
          "optional": true
        },
        "sugarss": {
          "optional": true
        },
        "terser": {
          "optional": true
        }
      }
    }
  }
}
